// !$*UTF8*$!
{
	archiveVersion = 1;
	classes = {
	};
	objectVersion = 50;
	objects = {

/* Begin PBXBuildFile section */
		8F92296723EBB8E0004976A1 /* Concentration.swift in Sources */ = {isa = PBXBuildFile; fileRef = 8F92296623EBB8E0004976A1 /* Concentration.swift */; };
		8F92296923EBB9FF004976A1 /* Card.swift in Sources */ = {isa = PBXBuildFile; fileRef = 8F92296823EBB9FF004976A1 /* Card.swift */; };
		BCD406A823C37C4D00AAA291 /* AppDelegate.swift in Sources */ = {isa = PBXBuildFile; fileRef = BCD406A723C37C4D00AAA291 /* AppDelegate.swift */; };
		BCD406AA23C37C4D00AAA291 /* SceneDelegate.swift in Sources */ = {isa = PBXBuildFile; fileRef = BCD406A923C37C4D00AAA291 /* SceneDelegate.swift */; };
		BCD406AC23C37C4D00AAA291 /* ViewController.swift in Sources */ = {isa = PBXBuildFile; fileRef = BCD406AB23C37C4D00AAA291 /* ViewController.swift */; };
		BCD406AF23C37C4D00AAA291 /* Main.storyboard in Resources */ = {isa = PBXBuildFile; fileRef = BCD406AD23C37C4D00AAA291 /* Main.storyboard */; };
		BCD406B123C37C5000AAA291 /* Assets.xcassets in Resources */ = {isa = PBXBuildFile; fileRef = BCD406B023C37C5000AAA291 /* Assets.xcassets */; };
		BCD406B423C37C5000AAA291 /* LaunchScreen.storyboard in Resources */ = {isa = PBXBuildFile; fileRef = BCD406B223C37C5000AAA291 /* LaunchScreen.storyboard */; };
/* End PBXBuildFile section */

/* Begin PBXFileReference section */
		8F92296623EBB8E0004976A1 /* Concentration.swift */ = {isa = PBXFileReference; lastKnownFileType = sourcecode.swift; path = Concentration.swift; sourceTree = "<group>"; };
		8F92296823EBB9FF004976A1 /* Card.swift */ = {isa = PBXFileReference; lastKnownFileType = sourcecode.swift; path = Card.swift; sourceTree = "<group>"; };
		BCD406A423C37C4D00AAA291 /* ConcentrationSTF11.app */ = {isa = PBXFileReference; explicitFileType = wrapper.application; includeInIndex = 0; path = ConcentrationSTF11.app; sourceTree = BUILT_PRODUCTS_DIR; };
		BCD406A723C37C4D00AAA291 /* AppDelegate.swift */ = {isa = PBXFileReference; lastKnownFileType = sourcecode.swift; name = AppDelegate.swift; path = ../AppDelegate.swift; sourceTree = "<group>"; };
		BCD406A923C37C4D00AAA291 /* SceneDelegate.swift */ = {isa = PBXFileReference; lastKnownFileType = sourcecode.swift; name = SceneDelegate.swift; path = ../SceneDelegate.swift; sourceTree = "<group>"; };
		BCD406AB23C37C4D00AAA291 /* ViewController.swift */ = {isa = PBXFileReference; lastKnownFileType = sourcecode.swift; path = ViewController.swift; sourceTree = "<group>"; };
		BCD406AE23C37C4D00AAA291 /* Base */ = {isa = PBXFileReference; lastKnownFileType = file.storyboard; name = Base; path = Base.lproj/Main.storyboard; sourceTree = "<group>"; };
		BCD406B023C37C5000AAA291 /* Assets.xcassets */ = {isa = PBXFileReference; lastKnownFileType = folder.assetcatalog; path = Assets.xcassets; sourceTree = "<group>"; };
		BCD406B323C37C5000AAA291 /* Base */ = {isa = PBXFileReference; lastKnownFileType = file.storyboard; name = Base; path = Base.lproj/LaunchScreen.storyboard; sourceTree = "<group>"; };
		BCD406B523C37C5000AAA291 /* Info.plist */ = {isa = PBXFileReference; lastKnownFileType = text.plist.xml; path = Info.plist; sourceTree = "<group>"; };
/* End PBXFileReference section */

/* Begin PBXFrameworksBuildPhase section */
		BCD406A123C37C4D00AAA291 /* Frameworks */ = {
			isa = PBXFrameworksBuildPhase;
			buildActionMask = 2147483647;
			files = (
			);
			runOnlyForDeploymentPostprocessing = 0;
		};
/* End PBXFrameworksBuildPhase section */

/* Begin PBXGroup section */
		BCD4069B23C37C4D00AAA291 = {
			isa = PBXGroup;
			children = (
				BCD406A623C37C4D00AAA291 /* ConcentrationSTF11 */,
				BCD406A523C37C4D00AAA291 /* Products */,
			);
			sourceTree = "<group>";
		};
		BCD406A523C37C4D00AAA291 /* Products */ = {
			isa = PBXGroup;
			children = (
				BCD406A423C37C4D00AAA291 /* ConcentrationSTF11.app */,
			);
			name = Products;
			sourceTree = "<group>";
		};
		BCD406A623C37C4D00AAA291 /* ConcentrationSTF11 */ = {
			isa = PBXGroup;
			children = (
				8F92296623EBB8E0004976A1 /* Concentration.swift */,
				8F92296823EBB9FF004976A1 /* Card.swift */,
				BCD406AB23C37C4D00AAA291 /* ViewController.swift */,
				BCD406AD23C37C4D00AAA291 /* Main.storyboard */,
				BCD406BB23C37E2600AAA291 /* SupportingFiles */,
				BCD406B523C37C5000AAA291 /* Info.plist */,
			);
			path = ConcentrationSTF11;
			sourceTree = "<group>";
		};
		BCD406BB23C37E2600AAA291 /* SupportingFiles */ = {
			isa = PBXGroup;
			children = (
				BCD406B223C37C5000AAA291 /* LaunchScreen.storyboard */,
				BCD406A723C37C4D00AAA291 /* AppDelegate.swift */,
				BCD406A923C37C4D00AAA291 /* SceneDelegate.swift */,
				BCD406B023C37C5000AAA291 /* Assets.xcassets */,
			);
			path = SupportingFiles;
			sourceTree = "<group>";
		};
/* End PBXGroup section */

/* Begin PBXNativeTarget section */
		BCD406A323C37C4D00AAA291 /* ConcentrationSTF11 */ = {
			isa = PBXNativeTarget;
			buildConfigurationList = BCD406B823C37C5000AAA291 /* Build configuration list for PBXNativeTarget "ConcentrationSTF11" */;
			buildPhases = (
				BCD406A023C37C4D00AAA291 /* Sources */,
				BCD406A123C37C4D00AAA291 /* Frameworks */,
				BCD406A223C37C4D00AAA291 /* Resources */,
			);
			buildRules = (
			);
			dependencies = (
			);
			name = ConcentrationSTF11;
			productName = ConcentrationSTF11;
			productReference = BCD406A423C37C4D00AAA291 /* ConcentrationSTF11.app */;
			productType = "com.apple.product-type.application";
		};
/* End PBXNativeTarget section */

/* Begin PBXProject section */
		BCD4069C23C37C4D00AAA291 /* Project object */ = {
			isa = PBXProject;
			attributes = {
				LastSwiftUpdateCheck = 1130;
				LastUpgradeCheck = 1130;
				ORGANIZATIONNAME = mamba;
				TargetAttributes = {
					BCD406A323C37C4D00AAA291 = {
						CreatedOnToolsVersion = 11.3;
					};
				};
			};
			buildConfigurationList = BCD4069F23C37C4D00AAA291 /* Build configuration list for PBXProject "ConcentrationSTF11" */;
			compatibilityVersion = "Xcode 9.3";
			developmentRegion = en;
			hasScannedForEncodings = 0;
			knownRegions = (
				en,
				Base,
			);
			mainGroup = BCD4069B23C37C4D00AAA291;
			productRefGroup = BCD406A523C37C4D00AAA291 /* Products */;
			projectDirPath = "";
			projectRoot = "";
			targets = (
				BCD406A323C37C4D00AAA291 /* ConcentrationSTF11 */,
			);
		};
/* End PBXProject section */

/* Begin PBXResourcesBuildPhase section */
		BCD406A223C37C4D00AAA291 /* Resources */ = {
			isa = PBXResourcesBuildPhase;
			buildActionMask = 2147483647;
			files = (
				BCD406B423C37C5000AAA291 /* LaunchScreen.storyboard in Resources */,
				BCD406B123C37C5000AAA291 /* Assets.xcassets in Resources */,
				BCD406AF23C37C4D00AAA291 /* Main.storyboard in Resources */,
			);
			runOnlyForDeploymentPostprocessing = 0;
		};
/* End PBXResourcesBuildPhase section */

/* Begin PBXSourcesBuildPhase section */
		BCD406A023C37C4D00AAA291 /* Sources */ = {
			isa = PBXSourcesBuildPhase;
			buildActionMask = 2147483647;
			files = (
				BCD406AC23C37C4D00AAA291 /* ViewController.swift in Sources */,
				8F92296723EBB8E0004976A1 /* Concentration.swift in Sources */,
				8F92296923EBB9FF004976A1 /* Card.swift in Sources */,
				BCD406A823C37C4D00AAA291 /* AppDelegate.swift in Sources */,
				BCD406AA23C37C4D00AAA291 /* SceneDelegate.swift in Sources */,
			);
			runOnlyForDeploymentPostprocessing = 0;
		};
/* End PBXSourcesBuildPhase section */

/* Begin PBXVariantGroup section */
		BCD406AD23C37C4D00AAA291 /* Main.storyboard */ = {
			isa = PBXVariantGroup;
			children = (
				BCD406AE23C37C4D00AAA291 /* Base */,
			);
			name = Main.storyboard;
			sourceTree = "<group>";
		};
		BCD406B223C37C5000AAA291 /* LaunchScreen.storyboard */ = {
			isa = PBXVariantGroup;
			children = (
				BCD406B323C37C5000AAA291 /* Base */,
			);
			name = LaunchScreen.storyboard;
			sourceTree = "<group>";
		};
/* End PBXVariantGroup section */

/* Begin XCBuildConfiguration section */
		BCD406B623C37C5000AAA291 /* Debug */ = {
			isa = XCBuildConfiguration;
			buildSettings = {
				ALWAYS_SEARCH_USER_PATHS = NO;
				CLANG_ANALYZER_NONNULL = YES;
				CLANG_ANALYZER_NUMBER_OBJECT_CONVERSION = YES_AGGRESSIVE;
				CLANG_CXX_LANGUAGE_STANDARD = "gnu++14";
				CLANG_CXX_LIBRARY = "libc++";
				CLANG_ENABLE_MODULES = YES;
				CLANG_ENABLE_OBJC_ARC = YES;
				CLANG_ENABLE_OBJC_WEAK = YES;
				CLANG_WARN_BLOCK_CAPTURE_AUTORELEASING = YES;
				CLANG_WARN_BOOL_CONVERSION = YES;
				CLANG_WARN_COMMA = YES;
				CLANG_WARN_CONSTANT_CONVERSION = YES;
				CLANG_WARN_DEPRECATED_OBJC_IMPLEMENTATIONS = YES;
				CLANG_WARN_DIRECT_OBJC_ISA_USAGE = YES_ERROR;
				CLANG_WARN_DOCUMENTATION_COMMENTS = YES;
				CLANG_WARN_EMPTY_BODY = YES;
				CLANG_WARN_ENUM_CONVERSION = YES;
				CLANG_WARN_INFINITE_RECURSION = YES;
				CLANG_WARN_INT_CONVERSION = YES;
				CLANG_WARN_NON_LITERAL_NULL_CONVERSION = YES;
				CLANG_WARN_OBJC_IMPLICIT_RETAIN_SELF = YES;
				CLANG_WARN_OBJC_LITERAL_CONVERSION = YES;
				CLANG_WARN_OBJC_ROOT_CLASS = YES_ERROR;
				CLANG_WARN_RANGE_LOOP_ANALYSIS = YES;
				CLANG_WARN_STRICT_PROTOTYPES = YES;
				CLANG_WARN_SUSPICIOUS_MOVE = YES;
				CLANG_WARN_UNGUARDED_AVAILABILITY = YES_AGGRESSIVE;
				CLANG_WARN_UNREACHABLE_CODE = YES;
				CLANG_WARN__DUPLICATE_METHOD_MATCH = YES;
				COPY_PHASE_STRIP = NO;
				DEBUG_INFORMATION_FORMAT = dwarf;
				ENABLE_STRICT_OBJC_MSGSEND = YES;
				ENABLE_TESTABILITY = YES;
				GCC_C_LANGUAGE_STANDARD = gnu11;
				GCC_DYNAMIC_NO_PIC = NO;
				GCC_NO_COMMON_BLOCKS = YES;
				GCC_OPTIMIZATION_LEVEL = 0;
				GCC_PREPROCESSOR_DEFINITIONS = (
					"DEBUG=1",
					"$(inherited)",
				);
				GCC_WARN_64_TO_32_BIT_CONVERSION = YES;
				GCC_WARN_ABOUT_RETURN_TYPE = YES_ERROR;
				GCC_WARN_UNDECLARED_SELECTOR = YES;
				GCC_WARN_UNINITIALIZED_AUTOS = YES_AGGRESSIVE;
				GCC_WARN_UNUSED_FUNCTION = YES;
				GCC_WARN_UNUSED_VARIABLE = YES;
				IPHONEOS_DEPLOYMENT_TARGET = 13.2;
				MTL_ENABLE_DEBUG_INFO = INCLUDE_SOURCE;
				MTL_FAST_MATH = YES;
				ONLY_ACTIVE_ARCH = YES;
				SDKROOT = iphoneos;
				SWIFT_ACTIVE_COMPILATION_CONDITIONS = DEBUG;
				SWIFT_OPTIMIZATION_LEVEL = "-Onone";
			};
			name = Debug;
		};
		BCD406B723C37C5000AAA291 /* Release */ = {
			isa = XCBuildConfiguration;
			buildSettings = {
				ALWAYS_SEARCH_USER_PATHS = NO;
				CLANG_ANALYZER_NONNULL = YES;
				CLANG_ANALYZER_NUMBER_OBJECT_CONVERSION = YES_AGGRESSIVE;
				CLANG_CXX_LANGUAGE_STANDARD = "gnu++14";
				CLANG_CXX_LIBRARY = "libc++";
				CLANG_ENABLE_MODULES = YES;
				CLANG_ENABLE_OBJC_ARC = YES;
				CLANG_ENABLE_OBJC_WEAK = YES;
				CLANG_WARN_BLOCK_CAPTURE_AUTORELEASING = YES;
				CLANG_WARN_BOOL_CONVERSION = YES;
				CLANG_WARN_COMMA = YES;
				CLANG_WARN_CONSTANT_CONVERSION = YES;
				CLANG_WARN_DEPRECATED_OBJC_IMPLEMENTATIONS = YES;
				CLANG_WARN_DIRECT_OBJC_ISA_USAGE = YES_ERROR;
				CLANG_WARN_DOCUMENTATION_COMMENTS = YES;
				CLANG_WARN_EMPTY_BODY = YES;
				CLANG_WARN_ENUM_CONVERSION = YES;
				CLANG_WARN_INFINITE_RECURSION = YES;
				CLANG_WARN_INT_CONVERSION = YES;
				CLANG_WARN_NON_LITERAL_NULL_CONVERSION = YES;
				CLANG_WARN_OBJC_IMPLICIT_RETAIN_SELF = YES;
				CLANG_WARN_OBJC_LITERAL_CONVERSION = YES;
				CLANG_WARN_OBJC_ROOT_CLASS = YES_ERROR;
				CLANG_WARN_RANGE_LOOP_ANALYSIS = YES;
				CLANG_WARN_STRICT_PROTOTYPES = YES;
				CLANG_WARN_SUSPICIOUS_MOVE = YES;
				CLANG_WARN_UNGUARDED_AVAILABILITY = YES_AGGRESSIVE;
				CLANG_WARN_UNREACHABLE_CODE = YES;
				CLANG_WARN__DUPLICATE_METHOD_MATCH = YES;
				COPY_PHASE_STRIP = NO;
				DEBUG_INFORMATION_FORMAT = "dwarf-with-dsym";
				ENABLE_NS_ASSERTIONS = NO;
				ENABLE_STRICT_OBJC_MSGSEND = YES;
				GCC_C_LANGUAGE_STANDARD = gnu11;
				GCC_NO_COMMON_BLOCKS = YES;
				GCC_WARN_64_TO_32_BIT_CONVERSION = YES;
				GCC_WARN_ABOUT_RETURN_TYPE = YES_ERROR;
				GCC_WARN_UNDECLARED_SELECTOR = YES;
				GCC_WARN_UNINITIALIZED_AUTOS = YES_AGGRESSIVE;
				GCC_WARN_UNUSED_FUNCTION = YES;
				GCC_WARN_UNUSED_VARIABLE = YES;
				IPHONEOS_DEPLOYMENT_TARGET = 13.2;
				MTL_ENABLE_DEBUG_INFO = NO;
				MTL_FAST_MATH = YES;
				SDKROOT = iphoneos;
				SWIFT_COMPILATION_MODE = wholemodule;
				SWIFT_OPTIMIZATION_LEVEL = "-O";
				VALIDATE_PRODUCT = YES;
			};
			name = Release;
		};
		BCD406B923C37C5000AAA291 /* Debug */ = {
			isa = XCBuildConfiguration;
			buildSettings = {
				ASSETCATALOG_COMPILER_APPICON_NAME = AppIcon;
				CODE_SIGN_STYLE = Automatic;
				DEVELOPMENT_TEAM = 5D74XHX7AD;
				INFOPLIST_FILE = ConcentrationSTF11/Info.plist;
				LD_RUNPATH_SEARCH_PATHS = (
					"$(inherited)",
					"@executable_path/Frameworks",
				);
				PRODUCT_BUNDLE_IDENTIFIER = edu.stanford.cs193p.lecture.ConcentrationSTF11;
				PRODUCT_NAME = "$(TARGET_NAME)";
				SWIFT_VERSION = 5.0;
				TARGETED_DEVICE_FAMILY = "1,2";
			};
			name = Debug;
		};
		BCD406BA23C37C5000AAA291 /* Release */ = {
			isa = XCBuildConfiguration;
			buildSettings = {
				ASSETCATALOG_COMPILER_APPICON_NAME = AppIcon;
				CODE_SIGN_STYLE = Automatic;
				DEVELOPMENT_TEAM = 5D74XHX7AD;
				INFOPLIST_FILE = ConcentrationSTF11/Info.plist;
				LD_RUNPATH_SEARCH_PATHS = (
					"$(inherited)",
					"@executable_path/Frameworks",
				);
				PRODUCT_BUNDLE_IDENTIFIER = edu.stanford.cs193p.lecture.ConcentrationSTF11;
				PRODUCT_NAME = "$(TARGET_NAME)";
				SWIFT_VERSION = 5.0;
				TARGETED_DEVICE_FAMILY = "1,2";
			};
			name = Release;
		};
/* End XCBuildConfiguration section */

/* Begin XCConfigurationList section */
		BCD4069F23C37C4D00AAA291 /* Build configuration list for PBXProject "ConcentrationSTF11" */ = {
			isa = XCConfigurationList;
			buildConfigurations = (
				BCD406B623C37C5000AAA291 /* Debug */,
				BCD406B723C37C5000AAA291 /* Release */,
			);
			defaultConfigurationIsVisible = 0;
			defaultConfigurationName = Release;
		};
		BCD406B823C37C5000AAA291 /* Build configuration list for PBXNativeTarget "ConcentrationSTF11" */ = {
			isa = XCConfigurationList;
			buildConfigurations = (
				BCD406B923C37C5000AAA291 /* Debug */,
				BCD406BA23C37C5000AAA291 /* Release */,
			);
			defaultConfigurationIsVisible = 0;
			defaultConfigurationName = Release;
		};
/* End XCConfigurationList section */
	};
	rootObject = BCD4069C23C37C4D00AAA291 /* Project object */;
}
